{
  "originHash" : "c81406e4c02159006c442fd3d9947f4109e16afd415542a8d361dc2f63fb78c7",
  "pins" : [
    {
      "identity" : "felinepine",
      "kind" : "remoteSourceControl",
      "location" : "https://github.com/brightdigit/FelinePine.git",
      "state" : {
        "revision" : "b89389fcf3f1100d0765a6a21244df02b00fbc9e",
        "version" : "1.0.0-beta.5"
      }
    },
    {
      "identity" : "felinepineswift",
      "kind" : "remoteSourceControl",
      "location" : "https://github.com/brightdigit/FelinePineSwift.git",
      "state" : {
        "revision" : "60bef82f6a8e57475020a1a1fadcc6ed36088769",
        "version" : "1.0.0-alpha.1"
      }
    },
    {
      "identity" : "ipswdownloads",
      "kind" : "remoteSourceControl",
      "location" : "https://github.com/brightdigit/IPSWDownloads.git",
      "state" : {
        "revision" : "f49b4c9a356ee031ec3874354f4d273174e5c570",
        "version" : "1.0.0-beta.5"
      }
    },
    {
      "identity" : "operatingsystemversion",
      "kind" : "remoteSourceControl",
      "location" : "https://github.com/brightdigit/OperatingSystemVersion.git",
      "state" : {
        "revision" : "bd3c70eb38da109ec6be9958e80ee495125d3232",
        "version" : "1.0.0-beta.1"
      }
    },
    {
      "identity" : "radiantkit",
      "kind" : "remoteSourceControl",
      "location" : "https://github.com/brightdigit/RadiantKit.git",
      "state" : {
        "revision" : "2cd22405a06b6c8f57263faa94f0a370d2ed9119",
        "version" : "1.0.0-alpha.2"
      }
    },
    {
      "identity" : "swift-argument-parser",
      "kind" : "remoteSourceControl",
      "location" : "https://github.com/apple/swift-argument-parser",
      "state" : {
        "revision" : "41982a3656a71c768319979febd796c6fd111d5c",
        "version" : "1.5.0"
      }
    },
    {
      "identity" : "swift-collections",
      "kind" : "remoteSourceControl",
      "location" : "https://github.com/apple/swift-collections",
      "state" : {
        "revision" : "671108c96644956dddcd89dd59c203dcdb36cec7",
        "version" : "1.1.4"
      }
    },
    {
      "identity" : "swift-http-types",
      "kind" : "remoteSourceControl",
      "location" : "https://github.com/apple/swift-http-types",
      "state" : {
        "revision" : "ae67c8178eb46944fd85e4dc6dd970e1f3ed6ccd",
        "version" : "1.3.0"
      }
    },
    {
      "identity" : "swift-log",
      "kind" : "remoteSourceControl",
      "location" : "https://github.com/apple/swift-log.git",
      "state" : {
        "revision" : "9cb486020ebf03bfa5b5df985387a14a98744537",
        "version" : "1.6.1"
      }
    },
    {
      "identity" : "swift-openapi-runtime",
      "kind" : "remoteSourceControl",
      "location" : "https://github.com/apple/swift-openapi-runtime",
      "state" : {
        "revision" : "daa2fb54fe4a7f5187d7286047d5144c8cb97477",
        "version" : "1.6.0"
      }
    },
    {
      "identity" : "swift-openapi-urlsession",
      "kind" : "remoteSourceControl",
      "location" : "https://github.com/apple/swift-openapi-urlsession",
      "state" : {
        "revision" : "9bf4c712ad7989d6a91dbe68748b8829a50837e4",
        "version" : "1.0.2"
      }
    }
  ],
  "version" : 3
}
