{
  "originHash" : "a9b313f7d182cf71373fde298e5967364740de88a040cafadaf0d93da5aaa9a4",
  "pins" : [
    {
      "identity" : "aviaryinsights",
      "kind" : "remoteSourceControl",
      "location" : "https://github.com/brightdigit/AviaryInsights.git",
      "state" : {
        "revision" : "faa3ce44e7c621f887caa8194611fe0acd2a57de",
        "version" : "1.0.0-alpha.2"
      }
    },
    {
      "identity" : "featherquill",
      "kind" : "remoteSourceControl",
      "location" : "https://github.com/brightdigit/FeatherQuill.git",
      "state" : {
        "revision" : "65070dce4cc17fdd8f5b78e588129f57d3dd5afb",
        "version" : "1.0.0-alpha.2"
      }
    },
    {
      "identity" : "felinepine",
      "kind" : "remoteSourceControl",
      "location" : "https://github.com/brightdigit/FelinePine.git",
      "state" : {
        "revision" : "54c727e0b069ffda7f80db7af99bfab2518e0780",
        "version" : "1.0.0-beta.2"
      }
    },
    {
      "identity" : "ipswdownloads",
      "kind" : "remoteSourceControl",
      "location" : "https://github.com/brightdigit/IPSWDownloads.git",
      "state" : {
        "revision" : "2fa4b95e1d91aff657963d145d30fcbff1a933c9",
        "version" : "1.0.0-beta.4"
      }
    },
    {
      "identity" : "operatingsystemversion",
      "kind" : "remoteSourceControl",
      "location" : "https://github.com/brightdigit/OperatingSystemVersion.git",
      "state" : {
        "revision" : "bd3c70eb38da109ec6be9958e80ee495125d3232",
        "version" : "1.0.0-beta.1"
      }
    },
    {
      "identity" : "sentry-cocoa",
      "kind" : "remoteSourceControl",
      "location" : "https://github.com/getsentry/sentry-cocoa",
      "state" : {
        "revision" : "7fc7ca43967e2980d8691a8e017c118a84133aac",
        "version" : "8.26.0"
      }
    },
    {
      "identity" : "swift-argument-parser",
      "kind" : "remoteSourceControl",
      "location" : "https://github.com/apple/swift-argument-parser",
      "state" : {
        "revision" : "fee6933f37fde9a5e12a1e4aeaa93fe60116ff2a",
        "version" : "1.2.2"
      }
    },
    {
      "identity" : "swift-collections",
      "kind" : "remoteSourceControl",
      "location" : "https://github.com/apple/swift-collections",
      "state" : {
        "revision" : "94cf62b3ba8d4bed62680a282d4c25f9c63c2efb",
        "version" : "1.1.0"
      }
    },
    {
      "identity" : "swift-http-types",
      "kind" : "remoteSourceControl",
      "location" : "https://github.com/apple/swift-http-types",
      "state" : {
        "revision" : "12358d55a3824bd5fed310b999ea8cf83a9a1a65",
        "version" : "1.0.3"
      }
    },
    {
      "identity" : "swift-log",
      "kind" : "remoteSourceControl",
      "location" : "https://github.com/apple/swift-log.git",
      "state" : {
        "revision" : "e97a6fcb1ab07462881ac165fdbb37f067e205d5",
        "version" : "1.5.4"
      }
    },
    {
      "identity" : "swift-openapi-runtime",
      "kind" : "remoteSourceControl",
      "location" : "https://github.com/apple/swift-openapi-runtime",
      "state" : {
        "revision" : "76951d77a0609599d2dc233e7e40808a74767c6a",
        "version" : "1.3.2"
      }
    },
    {
      "identity" : "swift-openapi-urlsession",
      "kind" : "remoteSourceControl",
      "location" : "https://github.com/apple/swift-openapi-urlsession",
      "state" : {
        "revision" : "6efbfda5276bbbc8b4fec5d744f0ecd8c784eb47",
        "version" : "1.0.1"
      }
    }
  ],
  "version" : 3
}
