{
  "originHash" : "000c6f102b0bec7a54c5f05c6d15034f3db86a6379849f213d83a9eed4f6cc3a",
  "pins" : [
    {
      "identity" : "felinepine",
      "kind" : "remoteSourceControl",
      "location" : "https://github.com/brightdigit/FelinePine.git",
      "state" : {
        "revision" : "54c727e0b069ffda7f80db7af99bfab2518e0780",
        "version" : "1.0.0-beta.2"
      }
    },
    {
      "identity" : "ipswdownloads",
      "kind" : "remoteSourceControl",
      "location" : "https://github.com/brightdigit/IPSWDownloads.git",
      "state" : {
        "revision" : "2fa4b95e1d91aff657963d145d30fcbff1a933c9",
        "version" : "1.0.0-beta.4"
      }
    },
    {
      "identity" : "operatingsystemversion",
      "kind" : "remoteSourceControl",
      "location" : "https://github.com/brightdigit/OperatingSystemVersion.git",
      "state" : {
        "revision" : "bd3c70eb38da109ec6be9958e80ee495125d3232",
        "version" : "1.0.0-beta.1"
      }
    },
    {
      "identity" : "swift-argument-parser",
      "kind" : "remoteSourceControl",
      "location" : "https://github.com/apple/swift-argument-parser",
      "state" : {
        "revision" : "41982a3656a71c768319979febd796c6fd111d5c",
        "version" : "1.5.0"
      }
    },
    {
      "identity" : "swift-collections",
      "kind" : "remoteSourceControl",
      "location" : "https://github.com/apple/swift-collections",
      "state" : {
        "revision" : "3d2dc41a01f9e49d84f0a3925fb858bed64f702d",
        "version" : "1.1.2"
      }
    },
    {
      "identity" : "swift-http-types",
      "kind" : "remoteSourceControl",
      "location" : "https://github.com/apple/swift-http-types",
      "state" : {
        "revision" : "ae67c8178eb46944fd85e4dc6dd970e1f3ed6ccd",
        "version" : "1.3.0"
      }
    },
    {
      "identity" : "swift-log",
      "kind" : "remoteSourceControl",
      "location" : "https://github.com/apple/swift-log.git",
      "state" : {
        "revision" : "9cb486020ebf03bfa5b5df985387a14a98744537",
        "version" : "1.6.1"
      }
    },
    {
      "identity" : "swift-openapi-runtime",
      "kind" : "remoteSourceControl",
      "location" : "https://github.com/apple/swift-openapi-runtime",
      "state" : {
        "revision" : "71fcfa7691794054aa44538420acc281cc8e94e9",
        "version" : "1.4.1"
      }
    },
    {
      "identity" : "swift-openapi-urlsession",
      "kind" : "remoteSourceControl",
      "location" : "https://github.com/apple/swift-openapi-urlsession",
      "state" : {
        "revision" : "9bf4c712ad7989d6a91dbe68748b8829a50837e4",
        "version" : "1.0.2"
      }
    }
  ],
  "version" : 3
}
